{
  "name": "helpers",
  "version": "1.0.0",
  "lockfileVersion": 2,
  "requires": true,
  "packages": {
    "": {
      "version": "1.0.0",
      "license": "ISC",
      "dependencies": {
        "js-math-tools": "github:jrc03c/js-math-tools"
      }
    },
    "node_modules/js-math-tools": {
      "version": "0.0.1",
      "resolved": "git+ssh://git@github.com/jrc03c/js-math-tools.git#de9497ac216312f41c72e79fb3915d9b62b710f2"
    }
  },
  "dependencies": {
    "js-math-tools": {
      "version": "git+ssh://git@github.com/jrc03c/js-math-tools.git#de9497ac216312f41c72e79fb3915d9b62b710f2",
      "from": "js-math-tools@github:jrc03c/js-math-tools"
    }
  }
}
